// !$*UTF8*$!
{
	archiveVersion = 1;
	classes = {
	};
	objectVersion = 56;
	objects = {

/* Begin PBXBuildFile section */
		7B66365E2DE7070E0054CA5F /* FetchRecipeApp.swift in Sources */ = {isa = PBXBuildFile; fileRef = 7B66365D2DE7070E0054CA5F /* FetchRecipeApp.swift */; };
		7B6636622DE707120054CA5F /* Assets.xcassets in Resources */ = {isa = PBXBuildFile; fileRef = 7B6636612DE707120054CA5F /* Assets.xcassets */; };
		7B6636652DE707120054CA5F /* Preview Assets.xcassets in Resources */ = {isa = PBXBuildFile; fileRef = 7B6636642DE707120054CA5F /* Preview Assets.xcassets */; };
		7B66366F2DE707120054CA5F /* Recipe_AppTests.swift in Sources */ = {isa = PBXBuildFile; fileRef = 7B66366E2DE707120054CA5F /* Recipe_AppTests.swift */; };
		7B6636792DE707120054CA5F /* Recipe_AppUITests.swift in Sources */ = {isa = PBXBuildFile; fileRef = 7B6636782DE707120054CA5F /* Recipe_AppUITests.swift */; };
		7B66367B2DE707120054CA5F /* Recipe_AppUITestsLaunchTests.swift in Sources */ = {isa = PBXBuildFile; fileRef = 7B66367A2DE707120054CA5F /* Recipe_AppUITestsLaunchTests.swift */; };
		7B6636882DE708950054CA5F /* Recipe.swift in Sources */ = {isa = PBXBuildFile; fileRef = 7B6636872DE708950054CA5F /* Recipe.swift */; };
		7B66368A2DE708DB0054CA5F /* RecipeViewModel.swift in Sources */ = {isa = PBXBuildFile; fileRef = 7B6636892DE708DB0054CA5F /* RecipeViewModel.swift */; };
		7B66368C2DE7096D0054CA5F /* RecipeListView.swift in Sources */ = {isa = PBXBuildFile; fileRef = 7B66368B2DE7096D0054CA5F /* RecipeListView.swift */; };
		7B66368E2DE709CB0054CA5F /* RecipeDetailView.swift in Sources */ = {isa = PBXBuildFile; fileRef = 7B66368D2DE709CB0054CA5F /* RecipeDetailView.swift */; };
/* End PBXBuildFile section */

/* Begin PBXContainerItemProxy section */
		7B66366B2DE707120054CA5F /* PBXContainerItemProxy */ = {
			isa = PBXContainerItemProxy;
			containerPortal = 7B6636522DE7070E0054CA5F /* Project object */;
			proxyType = 1;
			remoteGlobalIDString = 7B6636592DE7070E0054CA5F;
			remoteInfo = "Recipe App";
		};
		7B6636752DE707120054CA5F /* PBXContainerItemProxy */ = {
			isa = PBXContainerItemProxy;
			containerPortal = 7B6636522DE7070E0054CA5F /* Project object */;
			proxyType = 1;
			remoteGlobalIDString = 7B6636592DE7070E0054CA5F;
			remoteInfo = "Recipe App";
		};
/* End PBXContainerItemProxy section */

/* Begin PBXFileReference section */
		7B66365A2DE7070E0054CA5F /* Recipe App.app */ = {isa = PBXFileReference; explicitFileType = wrapper.application; includeInIndex = 0; path = "Recipe App.app"; sourceTree = BUILT_PRODUCTS_DIR; };
		7B66365D2DE7070E0054CA5F /* FetchRecipeApp.swift */ = {isa = PBXFileReference; lastKnownFileType = sourcecode.swift; path = FetchRecipeApp.swift; sourceTree = "<group>"; };
		7B6636612DE707120054CA5F /* Assets.xcassets */ = {isa = PBXFileReference; lastKnownFileType = folder.assetcatalog; path = Assets.xcassets; sourceTree = "<group>"; };
		7B6636642DE707120054CA5F /* Preview Assets.xcassets */ = {isa = PBXFileReference; lastKnownFileType = folder.assetcatalog; path = "Preview Assets.xcassets"; sourceTree = "<group>"; };
		7B66366A2DE707120054CA5F /* Recipe AppTests.xctest */ = {isa = PBXFileReference; explicitFileType = wrapper.cfbundle; includeInIndex = 0; path = "Recipe AppTests.xctest"; sourceTree = BUILT_PRODUCTS_DIR; };
		7B66366E2DE707120054CA5F /* Recipe_AppTests.swift */ = {isa = PBXFileReference; lastKnownFileType = sourcecode.swift; path = Recipe_AppTests.swift; sourceTree = "<group>"; };
		7B6636742DE707120054CA5F /* Recipe AppUITests.xctest */ = {isa = PBXFileReference; explicitFileType = wrapper.cfbundle; includeInIndex = 0; path = "Recipe AppUITests.xctest"; sourceTree = BUILT_PRODUCTS_DIR; };
		7B6636782DE707120054CA5F /* Recipe_AppUITests.swift */ = {isa = PBXFileReference; lastKnownFileType = sourcecode.swift; path = Recipe_AppUITests.swift; sourceTree = "<group>"; };
		7B66367A2DE707120054CA5F /* Recipe_AppUITestsLaunchTests.swift */ = {isa = PBXFileReference; lastKnownFileType = sourcecode.swift; path = Recipe_AppUITestsLaunchTests.swift; sourceTree = "<group>"; };
		7B6636872DE708950054CA5F /* Recipe.swift */ = {isa = PBXFileReference; lastKnownFileType = sourcecode.swift; path = Recipe.swift; sourceTree = "<group>"; };
		7B6636892DE708DB0054CA5F /* RecipeViewModel.swift */ = {isa = PBXFileReference; lastKnownFileType = sourcecode.swift; path = RecipeViewModel.swift; sourceTree = "<group>"; };
		7B66368B2DE7096D0054CA5F /* RecipeListView.swift */ = {isa = PBXFileReference; lastKnownFileType = sourcecode.swift; path = RecipeListView.swift; sourceTree = "<group>"; };
		7B66368D2DE709CB0054CA5F /* RecipeDetailView.swift */ = {isa = PBXFileReference; lastKnownFileType = sourcecode.swift; path = RecipeDetailView.swift; sourceTree = "<group>"; };
/* End PBXFileReference section */

/* Begin PBXFrameworksBuildPhase section */
		7B6636572DE7070E0054CA5F /* Frameworks */ = {
			isa = PBXFrameworksBuildPhase;
			buildActionMask = 2147483647;
			files = (
			);
			runOnlyForDeploymentPostprocessing = 0;
		};
		7B6636672DE707120054CA5F /* Frameworks */ = {
			isa = PBXFrameworksBuildPhase;
			buildActionMask = 2147483647;
			files = (
			);
			runOnlyForDeploymentPostprocessing = 0;
		};
		7B6636712DE707120054CA5F /* Frameworks */ = {
			isa = PBXFrameworksBuildPhase;
			buildActionMask = 2147483647;
			files = (
			);
			runOnlyForDeploymentPostprocessing = 0;
		};
/* End PBXFrameworksBuildPhase section */

/* Begin PBXGroup section */
		7B6636512DE7070E0054CA5F = {
			isa = PBXGroup;
			children = (
				7B66365C2DE7070E0054CA5F /* Recipe App */,
				7B66366D2DE707120054CA5F /* Recipe AppTests */,
				7B6636772DE707120054CA5F /* Recipe AppUITests */,
				7B66365B2DE7070E0054CA5F /* Products */,
			);
			sourceTree = "<group>";
		};
		7B66365B2DE7070E0054CA5F /* Products */ = {
			isa = PBXGroup;
			children = (
				7B66365A2DE7070E0054CA5F /* Recipe App.app */,
				7B66366A2DE707120054CA5F /* Recipe AppTests.xctest */,
				7B6636742DE707120054CA5F /* Recipe AppUITests.xctest */,
			);
			name = Products;
			sourceTree = "<group>";
		};
		7B66365C2DE7070E0054CA5F /* Recipe App */ = {
			isa = PBXGroup;
			children = (
				7B66365D2DE7070E0054CA5F /* FetchRecipeApp.swift */,
				7B6636872DE708950054CA5F /* Recipe.swift */,
				7B6636892DE708DB0054CA5F /* RecipeViewModel.swift */,
				7B66368B2DE7096D0054CA5F /* RecipeListView.swift */,
				7B66368D2DE709CB0054CA5F /* RecipeDetailView.swift */,
				7B6636612DE707120054CA5F /* Assets.xcassets */,
				7B6636632DE707120054CA5F /* Preview Content */,
			);
			path = "Recipe App";
			sourceTree = "<group>";
		};
		7B6636632DE707120054CA5F /* Preview Content */ = {
			isa = PBXGroup;
			children = (
				7B6636642DE707120054CA5F /* Preview Assets.xcassets */,
			);
			path = "Preview Content";
			sourceTree = "<group>";
		};
		7B66366D2DE707120054CA5F /* Recipe AppTests */ = {
			isa = PBXGroup;
			children = (
				7B66366E2DE707120054CA5F /* Recipe_AppTests.swift */,
			);
			path = "Recipe AppTests";
			sourceTree = "<group>";
		};
		7B6636772DE707120054CA5F /* Recipe AppUITests */ = {
			isa = PBXGroup;
			children = (
				7B6636782DE707120054CA5F /* Recipe_AppUITests.swift */,
				7B66367A2DE707120054CA5F /* Recipe_AppUITestsLaunchTests.swift */,
			);
			path = "Recipe AppUITests";
			sourceTree = "<group>";
		};
/* End PBXGroup section */

/* Begin PBXNativeTarget section */
		7B6636592DE7070E0054CA5F /* Recipe App */ = {
			isa = PBXNativeTarget;
			buildConfigurationList = 7B66367E2DE707120054CA5F /* Build configuration list for PBXNativeTarget "Recipe App" */;
			buildPhases = (
				7B6636562DE7070E0054CA5F /* Sources */,
				7B6636572DE7070E0054CA5F /* Frameworks */,
				7B6636582DE7070E0054CA5F /* Resources */,
			);
			buildRules = (
			);
			dependencies = (
			);
			name = "Recipe App";
			productName = "Recipe App";
			productReference = 7B66365A2DE7070E0054CA5F /* Recipe App.app */;
			productType = "com.apple.product-type.application";
		};
		7B6636692DE707120054CA5F /* Recipe AppTests */ = {
			isa = PBXNativeTarget;
			buildConfigurationList = 7B6636812DE707120054CA5F /* Build configuration list for PBXNativeTarget "Recipe AppTests" */;
			buildPhases = (
				7B6636662DE707120054CA5F /* Sources */,
				7B6636672DE707120054CA5F /* Frameworks */,
				7B6636682DE707120054CA5F /* Resources */,
			);
			buildRules = (
			);
			dependencies = (
				7B66366C2DE707120054CA5F /* PBXTargetDependency */,
			);
			name = "Recipe AppTests";
			productName = "Recipe AppTests";
			productReference = 7B66366A2DE707120054CA5F /* Recipe AppTests.xctest */;
			productType = "com.apple.product-type.bundle.unit-test";
		};
		7B6636732DE707120054CA5F /* Recipe AppUITests */ = {
			isa = PBXNativeTarget;
			buildConfigurationList = 7B6636842DE707120054CA5F /* Build configuration list for PBXNativeTarget "Recipe AppUITests" */;
			buildPhases = (
				7B6636702DE707120054CA5F /* Sources */,
				7B6636712DE707120054CA5F /* Frameworks */,
				7B6636722DE707120054CA5F /* Resources */,
			);
			buildRules = (
			);
			dependencies = (
				7B6636762DE707120054CA5F /* PBXTargetDependency */,
			);
			name = "Recipe AppUITests";
			productName = "Recipe AppUITests";
			productReference = 7B6636742DE707120054CA5F /* Recipe AppUITests.xctest */;
			productType = "com.apple.product-type.bundle.ui-testing";
		};
/* End PBXNativeTarget section */

/* Begin PBXProject section */
		7B6636522DE7070E0054CA5F /* Project object */ = {
			isa = PBXProject;
			attributes = {
				BuildIndependentTargetsInParallel = 1;
				LastSwiftUpdateCheck = 1520;
				LastUpgradeCheck = 1520;
				TargetAttributes = {
					7B6636592DE7070E0054CA5F = {
						CreatedOnToolsVersion = 15.2;
					};
					7B6636692DE707120054CA5F = {
						CreatedOnToolsVersion = 15.2;
						TestTargetID = 7B6636592DE7070E0054CA5F;
					};
					7B6636732DE707120054CA5F = {
						CreatedOnToolsVersion = 15.2;
						TestTargetID = 7B6636592DE7070E0054CA5F;
					};
				};
			};
			buildConfigurationList = 7B6636552DE7070E0054CA5F /* Build configuration list for PBXProject "Recipe App" */;
			compatibilityVersion = "Xcode 14.0";
			developmentRegion = en;
			hasScannedForEncodings = 0;
			knownRegions = (
				en,
				Base,
			);
			mainGroup = 7B6636512DE7070E0054CA5F;
			productRefGroup = 7B66365B2DE7070E0054CA5F /* Products */;
			projectDirPath = "";
			projectRoot = "";
			targets = (
				7B6636592DE7070E0054CA5F /* Recipe App */,
				7B6636692DE707120054CA5F /* Recipe AppTests */,
				7B6636732DE707120054CA5F /* Recipe AppUITests */,
			);
		};
/* End PBXProject section */

/* Begin PBXResourcesBuildPhase section */
		7B6636582DE7070E0054CA5F /* Resources */ = {
			isa = PBXResourcesBuildPhase;
			buildActionMask = 2147483647;
			files = (
				7B6636652DE707120054CA5F /* Preview Assets.xcassets in Resources */,
				7B6636622DE707120054CA5F /* Assets.xcassets in Resources */,
			);
			runOnlyForDeploymentPostprocessing = 0;
		};
		7B6636682DE707120054CA5F /* Resources */ = {
			isa = PBXResourcesBuildPhase;
			buildActionMask = 2147483647;
			files = (
			);
			runOnlyForDeploymentPostprocessing = 0;
		};
		7B6636722DE707120054CA5F /* Resources */ = {
			isa = PBXResourcesBuildPhase;
			buildActionMask = 2147483647;
			files = (
			);
			runOnlyForDeploymentPostprocessing = 0;
		};
/* End PBXResourcesBuildPhase section */

/* Begin PBXSourcesBuildPhase section */
		7B6636562DE7070E0054CA5F /* Sources */ = {
			isa = PBXSourcesBuildPhase;
			buildActionMask = 2147483647;
			files = (
				7B66368A2DE708DB0054CA5F /* RecipeViewModel.swift in Sources */,
				7B66368E2DE709CB0054CA5F /* RecipeDetailView.swift in Sources */,
				7B6636882DE708950054CA5F /* Recipe.swift in Sources */,
				7B66368C2DE7096D0054CA5F /* RecipeListView.swift in Sources */,
				7B66365E2DE7070E0054CA5F /* FetchRecipeApp.swift in Sources */,
			);
			runOnlyForDeploymentPostprocessing = 0;
		};
		7B6636662DE707120054CA5F /* Sources */ = {
			isa = PBXSourcesBuildPhase;
			buildActionMask = 2147483647;
			files = (
				7B66366F2DE707120054CA5F /* Recipe_AppTests.swift in Sources */,
			);
			runOnlyForDeploymentPostprocessing = 0;
		};
		7B6636702DE707120054CA5F /* Sources */ = {
			isa = PBXSourcesBuildPhase;
			buildActionMask = 2147483647;
			files = (
				7B66367B2DE707120054CA5F /* Recipe_AppUITestsLaunchTests.swift in Sources */,
				7B6636792DE707120054CA5F /* Recipe_AppUITests.swift in Sources */,
			);
			runOnlyForDeploymentPostprocessing = 0;
		};
/* End PBXSourcesBuildPhase section */

/* Begin PBXTargetDependency section */
		7B66366C2DE707120054CA5F /* PBXTargetDependency */ = {
			isa = PBXTargetDependency;
			target = 7B6636592DE7070E0054CA5F /* Recipe App */;
			targetProxy = 7B66366B2DE707120054CA5F /* PBXContainerItemProxy */;
		};
		7B6636762DE707120054CA5F /* PBXTargetDependency */ = {
			isa = PBXTargetDependency;
			target = 7B6636592DE7070E0054CA5F /* Recipe App */;
			targetProxy = 7B6636752DE707120054CA5F /* PBXContainerItemProxy */;
		};
/* End PBXTargetDependency section */

/* Begin XCBuildConfiguration section */
		7B66367C2DE707120054CA5F /* Debug */ = {
			isa = XCBuildConfiguration;
			buildSettings = {
				ALWAYS_SEARCH_USER_PATHS = NO;
				ASSETCATALOG_COMPILER_GENERATE_SWIFT_ASSET_SYMBOL_EXTENSIONS = YES;
				CLANG_ANALYZER_NONNULL = YES;
				CLANG_ANALYZER_NUMBER_OBJECT_CONVERSION = YES_AGGRESSIVE;
				CLANG_CXX_LANGUAGE_STANDARD = "gnu++20";
				CLANG_ENABLE_MODULES = YES;
				CLANG_ENABLE_OBJC_ARC = YES;
				CLANG_ENABLE_OBJC_WEAK = YES;
				CLANG_WARN_BLOCK_CAPTURE_AUTORELEASING = YES;
				CLANG_WARN_BOOL_CONVERSION = YES;
				CLANG_WARN_COMMA = YES;
				CLANG_WARN_CONSTANT_CONVERSION = YES;
				CLANG_WARN_DEPRECATED_OBJC_IMPLEMENTATIONS = YES;
				CLANG_WARN_DIRECT_OBJC_ISA_USAGE = YES_ERROR;
				CLANG_WARN_DOCUMENTATION_COMMENTS = YES;
				CLANG_WARN_EMPTY_BODY = YES;
				CLANG_WARN_ENUM_CONVERSION = YES;
				CLANG_WARN_INFINITE_RECURSION = YES;
				CLANG_WARN_INT_CONVERSION = YES;
				CLANG_WARN_NON_LITERAL_NULL_CONVERSION = YES;
				CLANG_WARN_OBJC_IMPLICIT_RETAIN_SELF = YES;
				CLANG_WARN_OBJC_LITERAL_CONVERSION = YES;
				CLANG_WARN_OBJC_ROOT_CLASS = YES_ERROR;
				CLANG_WARN_QUOTED_INCLUDE_IN_FRAMEWORK_HEADER = YES;
				CLANG_WARN_RANGE_LOOP_ANALYSIS = YES;
				CLANG_WARN_STRICT_PROTOTYPES = YES;
				CLANG_WARN_SUSPICIOUS_MOVE = YES;
				CLANG_WARN_UNGUARDED_AVAILABILITY = YES_AGGRESSIVE;
				CLANG_WARN_UNREACHABLE_CODE = YES;
				CLANG_WARN__DUPLICATE_METHOD_MATCH = YES;
				COPY_PHASE_STRIP = NO;
				DEBUG_INFORMATION_FORMAT = dwarf;
				ENABLE_STRICT_OBJC_MSGSEND = YES;
				ENABLE_TESTABILITY = YES;
				ENABLE_USER_SCRIPT_SANDBOXING = YES;
				GCC_C_LANGUAGE_STANDARD = gnu17;
				GCC_DYNAMIC_NO_PIC = NO;
				GCC_NO_COMMON_BLOCKS = YES;
				GCC_OPTIMIZATION_LEVEL = 0;
				GCC_PREPROCESSOR_DEFINITIONS = (
					"DEBUG=1",
					"$(inherited)",
				);
				GCC_WARN_64_TO_32_BIT_CONVERSION = YES;
				GCC_WARN_ABOUT_RETURN_TYPE = YES_ERROR;
				GCC_WARN_UNDECLARED_SELECTOR = YES;
				GCC_WARN_UNINITIALIZED_AUTOS = YES_AGGRESSIVE;
				GCC_WARN_UNUSED_FUNCTION = YES;
				GCC_WARN_UNUSED_VARIABLE = YES;
				IPHONEOS_DEPLOYMENT_TARGET = 17.2;
				LOCALIZATION_PREFERS_STRING_CATALOGS = YES;
				MTL_ENABLE_DEBUG_INFO = INCLUDE_SOURCE;
				MTL_FAST_MATH = YES;
				ONLY_ACTIVE_ARCH = YES;
				SDKROOT = iphoneos;
				SWIFT_ACTIVE_COMPILATION_CONDITIONS = "DEBUG $(inherited)";
				SWIFT_OPTIMIZATION_LEVEL = "-Onone";
			};
			name = Debug;
		};
		7B66367D2DE707120054CA5F /* Release */ = {
			isa = XCBuildConfiguration;
			buildSettings = {
				ALWAYS_SEARCH_USER_PATHS = NO;
				ASSETCATALOG_COMPILER_GENERATE_SWIFT_ASSET_SYMBOL_EXTENSIONS = YES;
				CLANG_ANALYZER_NONNULL = YES;
				CLANG_ANALYZER_NUMBER_OBJECT_CONVERSION = YES_AGGRESSIVE;
				CLANG_CXX_LANGUAGE_STANDARD = "gnu++20";
				CLANG_ENABLE_MODULES = YES;
				CLANG_ENABLE_OBJC_ARC = YES;
				CLANG_ENABLE_OBJC_WEAK = YES;
				CLANG_WARN_BLOCK_CAPTURE_AUTORELEASING = YES;
				CLANG_WARN_BOOL_CONVERSION = YES;
				CLANG_WARN_COMMA = YES;
				CLANG_WARN_CONSTANT_CONVERSION = YES;
				CLANG_WARN_DEPRECATED_OBJC_IMPLEMENTATIONS = YES;
				CLANG_WARN_DIRECT_OBJC_ISA_USAGE = YES_ERROR;
				CLANG_WARN_DOCUMENTATION_COMMENTS = YES;
				CLANG_WARN_EMPTY_BODY = YES;
				CLANG_WARN_ENUM_CONVERSION = YES;
				CLANG_WARN_INFINITE_RECURSION = YES;
				CLANG_WARN_INT_CONVERSION = YES;
				CLANG_WARN_NON_LITERAL_NULL_CONVERSION = YES;
				CLANG_WARN_OBJC_IMPLICIT_RETAIN_SELF = YES;
				CLANG_WARN_OBJC_LITERAL_CONVERSION = YES;
				CLANG_WARN_OBJC_ROOT_CLASS = YES_ERROR;
				CLANG_WARN_QUOTED_INCLUDE_IN_FRAMEWORK_HEADER = YES;
				CLANG_WARN_RANGE_LOOP_ANALYSIS = YES;
				CLANG_WARN_STRICT_PROTOTYPES = YES;
				CLANG_WARN_SUSPICIOUS_MOVE = YES;
				CLANG_WARN_UNGUARDED_AVAILABILITY = YES_AGGRESSIVE;
				CLANG_WARN_UNREACHABLE_CODE = YES;
				CLANG_WARN__DUPLICATE_METHOD_MATCH = YES;
				COPY_PHASE_STRIP = NO;
				DEBUG_INFORMATION_FORMAT = "dwarf-with-dsym";
				ENABLE_NS_ASSERTIONS = NO;
				ENABLE_STRICT_OBJC_MSGSEND = YES;
				ENABLE_USER_SCRIPT_SANDBOXING = YES;
				GCC_C_LANGUAGE_STANDARD = gnu17;
				GCC_NO_COMMON_BLOCKS = YES;
				GCC_WARN_64_TO_32_BIT_CONVERSION = YES;
				GCC_WARN_ABOUT_RETURN_TYPE = YES_ERROR;
				GCC_WARN_UNDECLARED_SELECTOR = YES;
				GCC_WARN_UNINITIALIZED_AUTOS = YES_AGGRESSIVE;
				GCC_WARN_UNUSED_FUNCTION = YES;
				GCC_WARN_UNUSED_VARIABLE = YES;
				IPHONEOS_DEPLOYMENT_TARGET = 17.2;
				LOCALIZATION_PREFERS_STRING_CATALOGS = YES;
				MTL_ENABLE_DEBUG_INFO = NO;
				MTL_FAST_MATH = YES;
				SDKROOT = iphoneos;
				SWIFT_COMPILATION_MODE = wholemodule;
				VALIDATE_PRODUCT = YES;
			};
			name = Release;
		};
		7B66367F2DE707120054CA5F /* Debug */ = {
			isa = XCBuildConfiguration;
			buildSettings = {
				ASSETCATALOG_COMPILER_APPICON_NAME = AppIcon;
				ASSETCATALOG_COMPILER_GLOBAL_ACCENT_COLOR_NAME = AccentColor;
				CODE_SIGN_STYLE = Automatic;
				CURRENT_PROJECT_VERSION = 1;
				DEVELOPMENT_ASSET_PATHS = "\"Recipe App/Preview Content\"";
				ENABLE_PREVIEWS = YES;
				GENERATE_INFOPLIST_FILE = YES;
				INFOPLIST_KEY_UIApplicationSceneManifest_Generation = YES;
				INFOPLIST_KEY_UIApplicationSupportsIndirectInputEvents = YES;
				INFOPLIST_KEY_UILaunchScreen_Generation = YES;
				INFOPLIST_KEY_UISupportedInterfaceOrientations_iPad = "UIInterfaceOrientationPortrait UIInterfaceOrientationPortraitUpsideDown UIInterfaceOrientationLandscapeLeft UIInterfaceOrientationLandscapeRight";
				INFOPLIST_KEY_UISupportedInterfaceOrientations_iPhone = "UIInterfaceOrientationPortrait UIInterfaceOrientationLandscapeLeft UIInterfaceOrientationLandscapeRight";
				LD_RUNPATH_SEARCH_PATHS = (
					"$(inherited)",
					"@executable_path/Frameworks",
				);
				MARKETING_VERSION = 1.0;
				PRODUCT_BUNDLE_IDENTIFIER = "com.bk.Recipe-App";
				PRODUCT_NAME = "$(TARGET_NAME)";
				SWIFT_EMIT_LOC_STRINGS = YES;
				SWIFT_VERSION = 5.0;
				TARGETED_DEVICE_FAMILY = "1,2";
			};
			name = Debug;
		};
		7B6636802DE707120054CA5F /* Release */ = {
			isa = XCBuildConfiguration;
			buildSettings = {
				ASSETCATALOG_COMPILER_APPICON_NAME = AppIcon;
				ASSETCATALOG_COMPILER_GLOBAL_ACCENT_COLOR_NAME = AccentColor;
				CODE_SIGN_STYLE = Automatic;
				CURRENT_PROJECT_VERSION = 1;
				DEVELOPMENT_ASSET_PATHS = "\"Recipe App/Preview Content\"";
				ENABLE_PREVIEWS = YES;
				GENERATE_INFOPLIST_FILE = YES;
				INFOPLIST_KEY_UIApplicationSceneManifest_Generation = YES;
				INFOPLIST_KEY_UIApplicationSupportsIndirectInputEvents = YES;
				INFOPLIST_KEY_UILaunchScreen_Generation = YES;
				INFOPLIST_KEY_UISupportedInterfaceOrientations_iPad = "UIInterfaceOrientationPortrait UIInterfaceOrientationPortraitUpsideDown UIInterfaceOrientationLandscapeLeft UIInterfaceOrientationLandscapeRight";
				INFOPLIST_KEY_UISupportedInterfaceOrientations_iPhone = "UIInterfaceOrientationPortrait UIInterfaceOrientationLandscapeLeft UIInterfaceOrientationLandscapeRight";
				LD_RUNPATH_SEARCH_PATHS = (
					"$(inherited)",
					"@executable_path/Frameworks",
				);
				MARKETING_VERSION = 1.0;
				PRODUCT_BUNDLE_IDENTIFIER = "com.bk.Recipe-App";
				PRODUCT_NAME = "$(TARGET_NAME)";
				SWIFT_EMIT_LOC_STRINGS = YES;
				SWIFT_VERSION = 5.0;
				TARGETED_DEVICE_FAMILY = "1,2";
			};
			name = Release;
		};
		7B6636822DE707120054CA5F /* Debug */ = {
			isa = XCBuildConfiguration;
			buildSettings = {
				ALWAYS_EMBED_SWIFT_STANDARD_LIBRARIES = YES;
				BUNDLE_LOADER = "$(TEST_HOST)";
				CODE_SIGN_STYLE = Automatic;
				CURRENT_PROJECT_VERSION = 1;
				GENERATE_INFOPLIST_FILE = YES;
				IPHONEOS_DEPLOYMENT_TARGET = 17.2;
				MARKETING_VERSION = 1.0;
				PRODUCT_BUNDLE_IDENTIFIER = "com.bk.Recipe-AppTests";
				PRODUCT_NAME = "$(TARGET_NAME)";
				SWIFT_EMIT_LOC_STRINGS = NO;
				SWIFT_VERSION = 5.0;
				TARGETED_DEVICE_FAMILY = "1,2";
				TEST_HOST = "$(BUILT_PRODUCTS_DIR)/Recipe App.app/$(BUNDLE_EXECUTABLE_FOLDER_PATH)/Recipe App";
			};
			name = Debug;
		};
		7B6636832DE707120054CA5F /* Release */ = {
			isa = XCBuildConfiguration;
			buildSettings = {
				ALWAYS_EMBED_SWIFT_STANDARD_LIBRARIES = YES;
				BUNDLE_LOADER = "$(TEST_HOST)";
				CODE_SIGN_STYLE = Automatic;
				CURRENT_PROJECT_VERSION = 1;
				GENERATE_INFOPLIST_FILE = YES;
				IPHONEOS_DEPLOYMENT_TARGET = 17.2;
				MARKETING_VERSION = 1.0;
				PRODUCT_BUNDLE_IDENTIFIER = "com.bk.Recipe-AppTests";
				PRODUCT_NAME = "$(TARGET_NAME)";
				SWIFT_EMIT_LOC_STRINGS = NO;
				SWIFT_VERSION = 5.0;
				TARGETED_DEVICE_FAMILY = "1,2";
				TEST_HOST = "$(BUILT_PRODUCTS_DIR)/Recipe App.app/$(BUNDLE_EXECUTABLE_FOLDER_PATH)/Recipe App";
			};
			name = Release;
		};
		7B6636852DE707120054CA5F /* Debug */ = {
			isa = XCBuildConfiguration;
			buildSettings = {
				ALWAYS_EMBED_SWIFT_STANDARD_LIBRARIES = YES;
				CODE_SIGN_STYLE = Automatic;
				CURRENT_PROJECT_VERSION = 1;
				GENERATE_INFOPLIST_FILE = YES;
				MARKETING_VERSION = 1.0;
				PRODUCT_BUNDLE_IDENTIFIER = "com.bk.Recipe-AppUITests";
				PRODUCT_NAME = "$(TARGET_NAME)";
				SWIFT_EMIT_LOC_STRINGS = NO;
				SWIFT_VERSION = 5.0;
				TARGETED_DEVICE_FAMILY = "1,2";
				TEST_TARGET_NAME = "Recipe App";
			};
			name = Debug;
		};
		7B6636862DE707120054CA5F /* Release */ = {
			isa = XCBuildConfiguration;
			buildSettings = {
				ALWAYS_EMBED_SWIFT_STANDARD_LIBRARIES = YES;
				CODE_SIGN_STYLE = Automatic;
				CURRENT_PROJECT_VERSION = 1;
				GENERATE_INFOPLIST_FILE = YES;
				MARKETING_VERSION = 1.0;
				PRODUCT_BUNDLE_IDENTIFIER = "com.bk.Recipe-AppUITests";
				PRODUCT_NAME = "$(TARGET_NAME)";
				SWIFT_EMIT_LOC_STRINGS = NO;
				SWIFT_VERSION = 5.0;
				TARGETED_DEVICE_FAMILY = "1,2";
				TEST_TARGET_NAME = "Recipe App";
			};
			name = Release;
		};
/* End XCBuildConfiguration section */

/* Begin XCConfigurationList section */
		7B6636552DE7070E0054CA5F /* Build configuration list for PBXProject "Recipe App" */ = {
			isa = XCConfigurationList;
			buildConfigurations = (
				7B66367C2DE707120054CA5F /* Debug */,
				7B66367D2DE707120054CA5F /* Release */,
			);
			defaultConfigurationIsVisible = 0;
			defaultConfigurationName = Release;
		};
		7B66367E2DE707120054CA5F /* Build configuration list for PBXNativeTarget "Recipe App" */ = {
			isa = XCConfigurationList;
			buildConfigurations = (
				7B66367F2DE707120054CA5F /* Debug */,
				7B6636802DE707120054CA5F /* Release */,
			);
			defaultConfigurationIsVisible = 0;
			defaultConfigurationName = Release;
		};
		7B6636812DE707120054CA5F /* Build configuration list for PBXNativeTarget "Recipe AppTests" */ = {
			isa = XCConfigurationList;
			buildConfigurations = (
				7B6636822DE707120054CA5F /* Debug */,
				7B6636832DE707120054CA5F /* Release */,
			);
			defaultConfigurationIsVisible = 0;
			defaultConfigurationName = Release;
		};
		7B6636842DE707120054CA5F /* Build configuration list for PBXNativeTarget "Recipe AppUITests" */ = {
			isa = XCConfigurationList;
			buildConfigurations = (
				7B6636852DE707120054CA5F /* Debug */,
				7B6636862DE707120054CA5F /* Release */,
			);
			defaultConfigurationIsVisible = 0;
			defaultConfigurationName = Release;
		};
/* End XCConfigurationList section */
	};
	rootObject = 7B6636522DE7070E0054CA5F /* Project object */;
}
